Microsoft Visual Studio Solution File, Format Version 9.00
# Visual Studio 2005
Project("{8BC9CEB8-8B4A-11D0-8D11-00A0C91BC942}") = "AsyncInvokerTest", "./AsyncInvoker/AsyncInvoker_vc8.vcproj", "{3F834E50-A5AC-11E1-8C6C-000C29BB91C6}"
	ProjectSection(ProjectDependencies) = postProject
	EndProjectSection
EndProject
Project("{8BC9CEB8-8B4A-11D0-8D11-00A0C91BC942}") = "TimeTest", "./Time/Time_vc8.vcproj", "{3E573546-A5AC-11E1-B749-000C29BB91C6}"
	ProjectSection(ProjectDependencies) = postProject
	EndProjectSection
EndProject
Project("{8BC9CEB8-8B4A-11D0-8D11-00A0C91BC942}") = "stringutilTest", "./stringutil/stringutil_vc8.vcproj", "{3A7C6D74-A5AC-11E1-9F32-000C29BB91C6}"
	ProjectSection(ProjectDependencies) = postProject
	EndProjectSection
EndProject
Project("{8BC9CEB8-8B4A-11D0-8D11-00A0C91BC942}") = "ConditionTest", "./Condition/Condition_vc8.vcproj", "{3AF0951E-A5AC-11E1-B240-000C29BB91C6}"
	ProjectSection(ProjectDependencies) = postProject
	EndProjectSection
EndProject
Project("{8BC9CEB8-8B4A-11D0-8D11-00A0C91BC942}") = "MutexTest", "./Mutex/Mutex_vc8.vcproj", "{3CF1BA96-A5AC-11E1-AD30-000C29BB91C6}"
	ProjectSection(ProjectDependencies) = postProject
	EndProjectSection
EndProject
Project("{8BC9CEB8-8B4A-11D0-8D11-00A0C91BC942}") = "SingletonTest", "./Singleton/Singleton_vc8.vcproj", "{3DDF8758-A5AC-11E1-9610-000C29BB91C6}"
	ProjectSection(ProjectDependencies) = postProject
	EndProjectSection
EndProject
Project("{8BC9CEB8-8B4A-11D0-8D11-00A0C91BC942}") = "PeriodicTaskTest", "./PeriodicTask/PeriodicTask_vc8.vcproj", "{3D690682-A5AC-11E1-BC32-000C29BB91C6}"
	ProjectSection(ProjectDependencies) = postProject
	EndProjectSection
EndProject
Project("{8BC9CEB8-8B4A-11D0-8D11-00A0C91BC942}") = "OSTest", "./OS/OS_vc8.vcproj", "{3D30C056-A5AC-11E1-B0F9-000C29BB91C6}"
	ProjectSection(ProjectDependencies) = postProject
	EndProjectSection
EndProject
Project("{8BC9CEB8-8B4A-11D0-8D11-00A0C91BC942}") = "UUIDTest", "./UUID/UUID_vc8.vcproj", "{3F20A930-A5AC-11E1-9414-000C29BB91C6}"
	ProjectSection(ProjectDependencies) = postProject
	EndProjectSection
EndProject
Project("{8BC9CEB8-8B4A-11D0-8D11-00A0C91BC942}") = "LoggerTest", "./Logger/Logger_vc8.vcproj", "{3CB8A7EC-A5AC-11E1-A24E-000C29BB91C6}"
	ProjectSection(ProjectDependencies) = postProject
	EndProjectSection
EndProject
Project("{8BC9CEB8-8B4A-11D0-8D11-00A0C91BC942}") = "FileTest", "./File/File_vc8.vcproj", "{3C0CF4BA-A5AC-11E1-91D0-000C29BB91C6}"
	ProjectSection(ProjectDependencies) = postProject
	EndProjectSection
EndProject
Project("{8BC9CEB8-8B4A-11D0-8D11-00A0C91BC942}") = "FactoryTest_libPluginC", "./Factory/Factory_libPluginC_vc8.vcproj", "{3BD2FBDE-A5AC-11E1-9EC9-000C29BB91C6}"
	ProjectSection(ProjectDependencies) = postProject
	EndProjectSection
EndProject
Project("{8BC9CEB8-8B4A-11D0-8D11-00A0C91BC942}") = "FactoryTest", "./Factory/Factory_vc8.vcproj", "{3B9AA41E-A5AC-11E1-A405-000C29BB91C6}"
	ProjectSection(ProjectDependencies) = postProject
	EndProjectSection
EndProject
Project("{8BC9CEB8-8B4A-11D0-8D11-00A0C91BC942}") = "SignalTest", "./Signal/Signal_vc8.vcproj", "{3DA635E8-A5AC-11E1-97CE-000C29BB91C6}"
	ProjectSection(ProjectDependencies) = postProject
	EndProjectSection
EndProject
Project("{8BC9CEB8-8B4A-11D0-8D11-00A0C91BC942}") = "TaskTest", "./Task/Task_vc8.vcproj", "{3E17EE4A-A5AC-11E1-8495-000C29BB91C6}"
	ProjectSection(ProjectDependencies) = postProject
	EndProjectSection
EndProject
Project("{8BC9CEB8-8B4A-11D0-8D11-00A0C91BC942}") = "DynamicLibTest", "./DynamicLib/DynamicLib_vc8.vcproj", "{3B29C820-A5AC-11E1-84BA-000C29BB91C6}"
	ProjectSection(ProjectDependencies) = postProject
	EndProjectSection
EndProject
Project("{8BC9CEB8-8B4A-11D0-8D11-00A0C91BC942}") = "DynamicLibTestDll", "./DynamicLib/DynamicLib_libDynamicLib_vc8.vcproj", "{3B620744-A5AC-11E1-A4A4-000C29BB91C6}"
	ProjectSection(ProjectDependencies) = postProject
	EndProjectSection
EndProject
Project("{8BC9CEB8-8B4A-11D0-8D11-00A0C91BC942}") = "ListenerTest", "./Listener/Listener_vc8.vcproj", "{3C7E7568-A5AC-11E1-8CC3-000C29BB91C6}"
	ProjectSection(ProjectDependencies) = postProject
	EndProjectSection
EndProject
Project("{8BC9CEB8-8B4A-11D0-8D11-00A0C91BC942}") = "PropertiesTaskTest", "./Properties/Properties_vc8.vcproj", "{3AB87B02-A5AC-11E1-A46C-000C29BB91C6}"
	ProjectSection(ProjectDependencies) = postProject
	EndProjectSection
EndProject
Project("{8BC9CEB8-8B4A-11D0-8D11-00A0C91BC942}") = "TimerTest", "./Timer/Timer_vc8.vcproj", "{3EA776F0-A5AC-11E1-B994-000C29BB91C6}"
	ProjectSection(ProjectDependencies) = postProject
	EndProjectSection
EndProject
Project("{8BC9CEB8-8B4A-11D0-8D11-00A0C91BC942}") = "TimeMeasureTest", "./TimeMeasure/TimeMeasure_vc8.vcproj", "{3F59C170-A5AC-11E1-AAA7-000C29BB91C6}"
	ProjectSection(ProjectDependencies) = postProject
	EndProjectSection
EndProject
Project("{8BC9CEB8-8B4A-11D0-8D11-00A0C91BC942}") = "TimeValueTest", "./TimeValue/TimeValue_vc8.vcproj", "{3EE71CEC-A5AC-11E1-9010-000C29BB91C6}"
	ProjectSection(ProjectDependencies) = postProject
	EndProjectSection
EndProject
Project("{8BC9CEB8-8B4A-11D0-8D11-00A0C91BC942}") = "GuardTest", "./Guard/Guard_vc8.vcproj", "{3C44D98E-A5AC-11E1-AE9F-000C29BB91C6}"
	ProjectSection(ProjectDependencies) = postProject
	EndProjectSection
EndProject
Global
	GlobalSection(SolutionConfigurationPlatforms) = preSolution
		Release|Win32 = Release|Win32
		Debug|Win32 = Debug|Win32
	EndGlobalSection
	GlobalSection(ProjectConfigurationPlatforms) = postSolution
		{3F834E50-A5AC-11E1-8C6C-000C29BB91C6}.Release|Win32.ActiveCfg = Release|Win32
		{3F834E50-A5AC-11E1-8C6C-000C29BB91C6}.Release|Win32.Build.0   = Release|Win32
		{3F834E50-A5AC-11E1-8C6C-000C29BB91C6}.Debug|Win32.ActiveCfg = Debug|Win32
		{3F834E50-A5AC-11E1-8C6C-000C29BB91C6}.Debug|Win32.Build.0   = Debug|Win32
		{3E573546-A5AC-11E1-B749-000C29BB91C6}.Release|Win32.ActiveCfg = Release|Win32
		{3E573546-A5AC-11E1-B749-000C29BB91C6}.Release|Win32.Build.0   = Release|Win32
		{3E573546-A5AC-11E1-B749-000C29BB91C6}.Debug|Win32.ActiveCfg = Debug|Win32
		{3E573546-A5AC-11E1-B749-000C29BB91C6}.Debug|Win32.Build.0   = Debug|Win32
		{3A7C6D74-A5AC-11E1-9F32-000C29BB91C6}.Release|Win32.ActiveCfg = Release|Win32
		{3A7C6D74-A5AC-11E1-9F32-000C29BB91C6}.Release|Win32.Build.0   = Release|Win32
		{3A7C6D74-A5AC-11E1-9F32-000C29BB91C6}.Debug|Win32.ActiveCfg = Debug|Win32
		{3A7C6D74-A5AC-11E1-9F32-000C29BB91C6}.Debug|Win32.Build.0   = Debug|Win32
		{3AF0951E-A5AC-11E1-B240-000C29BB91C6}.Release|Win32.ActiveCfg = Release|Win32
		{3AF0951E-A5AC-11E1-B240-000C29BB91C6}.Release|Win32.Build.0   = Release|Win32
		{3AF0951E-A5AC-11E1-B240-000C29BB91C6}.Debug|Win32.ActiveCfg = Debug|Win32
		{3AF0951E-A5AC-11E1-B240-000C29BB91C6}.Debug|Win32.Build.0   = Debug|Win32
		{3CF1BA96-A5AC-11E1-AD30-000C29BB91C6}.Release|Win32.ActiveCfg = Release|Win32
		{3CF1BA96-A5AC-11E1-AD30-000C29BB91C6}.Release|Win32.Build.0   = Release|Win32
		{3CF1BA96-A5AC-11E1-AD30-000C29BB91C6}.Debug|Win32.ActiveCfg = Debug|Win32
		{3CF1BA96-A5AC-11E1-AD30-000C29BB91C6}.Debug|Win32.Build.0   = Debug|Win32
		{3DDF8758-A5AC-11E1-9610-000C29BB91C6}.Release|Win32.ActiveCfg = Release|Win32
		{3DDF8758-A5AC-11E1-9610-000C29BB91C6}.Release|Win32.Build.0   = Release|Win32
		{3DDF8758-A5AC-11E1-9610-000C29BB91C6}.Debug|Win32.ActiveCfg = Debug|Win32
		{3DDF8758-A5AC-11E1-9610-000C29BB91C6}.Debug|Win32.Build.0   = Debug|Win32
		{3D690682-A5AC-11E1-BC32-000C29BB91C6}.Release|Win32.ActiveCfg = Release|Win32
		{3D690682-A5AC-11E1-BC32-000C29BB91C6}.Release|Win32.Build.0   = Release|Win32
		{3D690682-A5AC-11E1-BC32-000C29BB91C6}.Debug|Win32.ActiveCfg = Debug|Win32
		{3D690682-A5AC-11E1-BC32-000C29BB91C6}.Debug|Win32.Build.0   = Debug|Win32
		{3D30C056-A5AC-11E1-B0F9-000C29BB91C6}.Release|Win32.ActiveCfg = Release|Win32
		{3D30C056-A5AC-11E1-B0F9-000C29BB91C6}.Release|Win32.Build.0   = Release|Win32
		{3D30C056-A5AC-11E1-B0F9-000C29BB91C6}.Debug|Win32.ActiveCfg = Debug|Win32
		{3D30C056-A5AC-11E1-B0F9-000C29BB91C6}.Debug|Win32.Build.0   = Debug|Win32
		{3F20A930-A5AC-11E1-9414-000C29BB91C6}.Release|Win32.ActiveCfg = Release|Win32
		{3F20A930-A5AC-11E1-9414-000C29BB91C6}.Release|Win32.Build.0   = Release|Win32
		{3F20A930-A5AC-11E1-9414-000C29BB91C6}.Debug|Win32.ActiveCfg = Debug|Win32
		{3F20A930-A5AC-11E1-9414-000C29BB91C6}.Debug|Win32.Build.0   = Debug|Win32
		{3CB8A7EC-A5AC-11E1-A24E-000C29BB91C6}.Release|Win32.ActiveCfg = Release|Win32
		{3CB8A7EC-A5AC-11E1-A24E-000C29BB91C6}.Release|Win32.Build.0   = Release|Win32
		{3CB8A7EC-A5AC-11E1-A24E-000C29BB91C6}.Debug|Win32.ActiveCfg = Debug|Win32
		{3CB8A7EC-A5AC-11E1-A24E-000C29BB91C6}.Debug|Win32.Build.0   = Debug|Win32
		{3C0CF4BA-A5AC-11E1-91D0-000C29BB91C6}.Release|Win32.ActiveCfg = Release|Win32
		{3C0CF4BA-A5AC-11E1-91D0-000C29BB91C6}.Release|Win32.Build.0   = Release|Win32
		{3C0CF4BA-A5AC-11E1-91D0-000C29BB91C6}.Debug|Win32.ActiveCfg = Debug|Win32
		{3C0CF4BA-A5AC-11E1-91D0-000C29BB91C6}.Debug|Win32.Build.0   = Debug|Win32
		{3BD2FBDE-A5AC-11E1-9EC9-000C29BB91C6}.Release|Win32.ActiveCfg = Release|Win32
		{3BD2FBDE-A5AC-11E1-9EC9-000C29BB91C6}.Release|Win32.Build.0   = Release|Win32
		{3BD2FBDE-A5AC-11E1-9EC9-000C29BB91C6}.Debug|Win32.ActiveCfg = Debug|Win32
		{3BD2FBDE-A5AC-11E1-9EC9-000C29BB91C6}.Debug|Win32.Build.0   = Debug|Win32
		{3B9AA41E-A5AC-11E1-A405-000C29BB91C6}.Release|Win32.ActiveCfg = Release|Win32
		{3B9AA41E-A5AC-11E1-A405-000C29BB91C6}.Release|Win32.Build.0   = Release|Win32
		{3B9AA41E-A5AC-11E1-A405-000C29BB91C6}.Debug|Win32.ActiveCfg = Debug|Win32
		{3B9AA41E-A5AC-11E1-A405-000C29BB91C6}.Debug|Win32.Build.0   = Debug|Win32
		{3DA635E8-A5AC-11E1-97CE-000C29BB91C6}.Release|Win32.ActiveCfg = Release|Win32
		{3DA635E8-A5AC-11E1-97CE-000C29BB91C6}.Release|Win32.Build.0   = Release|Win32
		{3DA635E8-A5AC-11E1-97CE-000C29BB91C6}.Debug|Win32.ActiveCfg = Debug|Win32
		{3DA635E8-A5AC-11E1-97CE-000C29BB91C6}.Debug|Win32.Build.0   = Debug|Win32
		{3E17EE4A-A5AC-11E1-8495-000C29BB91C6}.Release|Win32.ActiveCfg = Release|Win32
		{3E17EE4A-A5AC-11E1-8495-000C29BB91C6}.Release|Win32.Build.0   = Release|Win32
		{3E17EE4A-A5AC-11E1-8495-000C29BB91C6}.Debug|Win32.ActiveCfg = Debug|Win32
		{3E17EE4A-A5AC-11E1-8495-000C29BB91C6}.Debug|Win32.Build.0   = Debug|Win32
		{3B29C820-A5AC-11E1-84BA-000C29BB91C6}.Release|Win32.ActiveCfg = Release|Win32
		{3B29C820-A5AC-11E1-84BA-000C29BB91C6}.Release|Win32.Build.0   = Release|Win32
		{3B29C820-A5AC-11E1-84BA-000C29BB91C6}.Debug|Win32.ActiveCfg = Debug|Win32
		{3B29C820-A5AC-11E1-84BA-000C29BB91C6}.Debug|Win32.Build.0   = Debug|Win32
		{3B620744-A5AC-11E1-A4A4-000C29BB91C6}.Release|Win32.ActiveCfg = Release|Win32
		{3B620744-A5AC-11E1-A4A4-000C29BB91C6}.Release|Win32.Build.0   = Release|Win32
		{3B620744-A5AC-11E1-A4A4-000C29BB91C6}.Debug|Win32.ActiveCfg = Debug|Win32
		{3B620744-A5AC-11E1-A4A4-000C29BB91C6}.Debug|Win32.Build.0   = Debug|Win32
		{3C7E7568-A5AC-11E1-8CC3-000C29BB91C6}.Release|Win32.ActiveCfg = Release|Win32
		{3C7E7568-A5AC-11E1-8CC3-000C29BB91C6}.Release|Win32.Build.0   = Release|Win32
		{3C7E7568-A5AC-11E1-8CC3-000C29BB91C6}.Debug|Win32.ActiveCfg = Debug|Win32
		{3C7E7568-A5AC-11E1-8CC3-000C29BB91C6}.Debug|Win32.Build.0   = Debug|Win32
		{3AB87B02-A5AC-11E1-A46C-000C29BB91C6}.Release|Win32.ActiveCfg = Release|Win32
		{3AB87B02-A5AC-11E1-A46C-000C29BB91C6}.Release|Win32.Build.0   = Release|Win32
		{3AB87B02-A5AC-11E1-A46C-000C29BB91C6}.Debug|Win32.ActiveCfg = Debug|Win32
		{3AB87B02-A5AC-11E1-A46C-000C29BB91C6}.Debug|Win32.Build.0   = Debug|Win32
		{3EA776F0-A5AC-11E1-B994-000C29BB91C6}.Release|Win32.ActiveCfg = Release|Win32
		{3EA776F0-A5AC-11E1-B994-000C29BB91C6}.Release|Win32.Build.0   = Release|Win32
		{3EA776F0-A5AC-11E1-B994-000C29BB91C6}.Debug|Win32.ActiveCfg = Debug|Win32
		{3EA776F0-A5AC-11E1-B994-000C29BB91C6}.Debug|Win32.Build.0   = Debug|Win32
		{3F59C170-A5AC-11E1-AAA7-000C29BB91C6}.Release|Win32.ActiveCfg = Release|Win32
		{3F59C170-A5AC-11E1-AAA7-000C29BB91C6}.Release|Win32.Build.0   = Release|Win32
		{3F59C170-A5AC-11E1-AAA7-000C29BB91C6}.Debug|Win32.ActiveCfg = Debug|Win32
		{3F59C170-A5AC-11E1-AAA7-000C29BB91C6}.Debug|Win32.Build.0   = Debug|Win32
		{3EE71CEC-A5AC-11E1-9010-000C29BB91C6}.Release|Win32.ActiveCfg = Release|Win32
		{3EE71CEC-A5AC-11E1-9010-000C29BB91C6}.Release|Win32.Build.0   = Release|Win32
		{3EE71CEC-A5AC-11E1-9010-000C29BB91C6}.Debug|Win32.ActiveCfg = Debug|Win32
		{3EE71CEC-A5AC-11E1-9010-000C29BB91C6}.Debug|Win32.Build.0   = Debug|Win32
		{3C44D98E-A5AC-11E1-AE9F-000C29BB91C6}.Release|Win32.ActiveCfg = Release|Win32
		{3C44D98E-A5AC-11E1-AE9F-000C29BB91C6}.Release|Win32.Build.0   = Release|Win32
		{3C44D98E-A5AC-11E1-AE9F-000C29BB91C6}.Debug|Win32.ActiveCfg = Debug|Win32
		{3C44D98E-A5AC-11E1-AE9F-000C29BB91C6}.Debug|Win32.Build.0   = Debug|Win32
	EndGlobalSection
	GlobalSection(SolutionProperties) = preSolution
		HideSolutionNode = FALSE
	EndGlobalSection
EndGlobal
