Microsoft Visual Studio Solution File, Format Version 9.00
# Visual Studio 2005
Project("{8BC9CEB8-8B4A-11D0-8D11-00A0C91BC942}") = "libcoil", "./coil/libcoil_vc8.vcproj", "{39F8B9FC-A5AC-11E1-BD1E-000C29BB91C6}"
	ProjectSection(ProjectDependencies) = postProject
	EndProjectSection
EndProject
Global
	GlobalSection(SolutionConfigurationPlatforms) = preSolution
		Release|Win32 = Release|Win32
		Debug|Win32 = Debug|Win32
	EndGlobalSection
	GlobalSection(ProjectConfigurationPlatforms) = postSolution
		{39F8B9FC-A5AC-11E1-BD1E-000C29BB91C6}.Release|Win32.ActiveCfg = Release|Win32
		{39F8B9FC-A5AC-11E1-BD1E-000C29BB91C6}.Release|Win32.Build.0   = Release|Win32
		{39F8B9FC-A5AC-11E1-BD1E-000C29BB91C6}.Debug|Win32.ActiveCfg = Debug|Win32
		{39F8B9FC-A5AC-11E1-BD1E-000C29BB91C6}.Debug|Win32.Build.0   = Debug|Win32
	EndGlobalSection
	GlobalSection(SolutionProperties) = preSolution
		HideSolutionNode = FALSE
	EndGlobalSection
EndGlobal
